
Microsoft Visual Studio Solution File, Format Version 12.00
# Visual Studio Version 17
VisualStudioVersion = 17.10.35027.167
MinimumVisualStudioVersion = 10.0.40219.1
Project("{8BC9CEB8-8B4A-11D0-8D11-00A0C91BC942}") = "SoftwareTechnologies", "SoftwareTechnologies\SoftwareTechnologies.vcxproj", "{5864290D-0B79-485A-A52B-2112FFFBC18A}"
EndProject
Project("{8BC9CEB8-8B4A-11D0-8D11-00A0C91BC942}") = "MatrixRotation", "MatrixRotation\MatrixRotation.vcxproj", "{4E2557F6-D23F-4EEF-9FF4-5C13871FEB49}"
EndProject
Project("{8BC9CEB8-8B4A-11D0-8D11-00A0C91BC942}") = "RemoveDuplicateNumbers", "RemoveDuplicateNumbers\RemoveDuplicateNumbers.vcxproj", "{A383CC35-B3A8-46D2-8D12-73711E3E25B0}"
EndProject
Global
	GlobalSection(SolutionConfigurationPlatforms) = preSolution
		Debug|x64 = Debug|x64
		Debug|x86 = Debug|x86
		Release|x64 = Release|x64
		Release|x86 = Release|x86
	EndGlobalSection
	GlobalSection(ProjectConfigurationPlatforms) = postSolution
		{5864290D-0B79-485A-A52B-2112FFFBC18A}.Debug|x64.ActiveCfg = Debug|x64
		{5864290D-0B79-485A-A52B-2112FFFBC18A}.Debug|x64.Build.0 = Debug|x64
		{5864290D-0B79-485A-A52B-2112FFFBC18A}.Debug|x86.ActiveCfg = Debug|Win32
		{5864290D-0B79-485A-A52B-2112FFFBC18A}.Debug|x86.Build.0 = Debug|Win32
		{5864290D-0B79-485A-A52B-2112FFFBC18A}.Release|x64.ActiveCfg = Release|x64
		{5864290D-0B79-485A-A52B-2112FFFBC18A}.Release|x64.Build.0 = Release|x64
		{5864290D-0B79-485A-A52B-2112FFFBC18A}.Release|x86.ActiveCfg = Release|Win32
		{5864290D-0B79-485A-A52B-2112FFFBC18A}.Release|x86.Build.0 = Release|Win32
		{4E2557F6-D23F-4EEF-9FF4-5C13871FEB49}.Debug|x64.ActiveCfg = Debug|x64
		{4E2557F6-D23F-4EEF-9FF4-5C13871FEB49}.Debug|x64.Build.0 = Debug|x64
		{4E2557F6-D23F-4EEF-9FF4-5C13871FEB49}.Debug|x86.ActiveCfg = Debug|Win32
		{4E2557F6-D23F-4EEF-9FF4-5C13871FEB49}.Debug|x86.Build.0 = Debug|Win32
		{4E2557F6-D23F-4EEF-9FF4-5C13871FEB49}.Release|x64.ActiveCfg = Release|x64
		{4E2557F6-D23F-4EEF-9FF4-5C13871FEB49}.Release|x64.Build.0 = Release|x64
		{4E2557F6-D23F-4EEF-9FF4-5C13871FEB49}.Release|x86.ActiveCfg = Release|Win32
		{4E2557F6-D23F-4EEF-9FF4-5C13871FEB49}.Release|x86.Build.0 = Release|Win32
		{A383CC35-B3A8-46D2-8D12-73711E3E25B0}.Debug|x64.ActiveCfg = Debug|x64
		{A383CC35-B3A8-46D2-8D12-73711E3E25B0}.Debug|x64.Build.0 = Debug|x64
		{A383CC35-B3A8-46D2-8D12-73711E3E25B0}.Debug|x86.ActiveCfg = Debug|Win32
		{A383CC35-B3A8-46D2-8D12-73711E3E25B0}.Debug|x86.Build.0 = Debug|Win32
		{A383CC35-B3A8-46D2-8D12-73711E3E25B0}.Release|x64.ActiveCfg = Release|x64
		{A383CC35-B3A8-46D2-8D12-73711E3E25B0}.Release|x64.Build.0 = Release|x64
		{A383CC35-B3A8-46D2-8D12-73711E3E25B0}.Release|x86.ActiveCfg = Release|Win32
		{A383CC35-B3A8-46D2-8D12-73711E3E25B0}.Release|x86.Build.0 = Release|Win32
	EndGlobalSection
	GlobalSection(SolutionProperties) = preSolution
		HideSolutionNode = FALSE
	EndGlobalSection
	GlobalSection(ExtensibilityGlobals) = postSolution
		SolutionGuid = {75A2684B-6F6F-4C91-BF10-043F6904BFF6}
	EndGlobalSection
EndGlobal
